
Microsoft Visual Studio Solution File, Format Version 11.00
# Visual Studio 2010
Project("{FAE04EC0-301F-11D3-BF4B-00C04F79EFBC}") = "Assembly-CSharp", "Assembly-CSharp.csproj", "{4D1B6313-8E39-8368-5874-422CBE06AA6B}"
EndProject
Project("{FAE04EC0-301F-11D3-BF4B-00C04F79EFBC}") = "Assembly-CSharp-Editor", "Assembly-CSharp-Editor.csproj", "{1941C706-3FF8-4983-C566-9B3B443D6786}"
EndProject
Global
	GlobalSection(SolutionConfigurationPlatforms) = preSolution
		Debug|Any CPU = Debug|Any CPU
		Release|Any CPU = Release|Any CPU
	EndGlobalSection
	GlobalSection(ProjectConfigurationPlatforms) = postSolution
		{4D1B6313-8E39-8368-5874-422CBE06AA6B}.Debug|Any CPU.ActiveCfg = Debug|Any CPU
		{4D1B6313-8E39-8368-5874-422CBE06AA6B}.Debug|Any CPU.Build.0 = Debug|Any CPU
		{4D1B6313-8E39-8368-5874-422CBE06AA6B}.Release|Any CPU.ActiveCfg = Release|Any CPU
		{4D1B6313-8E39-8368-5874-422CBE06AA6B}.Release|Any CPU.Build.0 = Release|Any CPU
		{1941C706-3FF8-4983-C566-9B3B443D6786}.Debug|Any CPU.ActiveCfg = Debug|Any CPU
		{1941C706-3FF8-4983-C566-9B3B443D6786}.Debug|Any CPU.Build.0 = Debug|Any CPU
		{1941C706-3FF8-4983-C566-9B3B443D6786}.Release|Any CPU.ActiveCfg = Release|Any CPU
		{1941C706-3FF8-4983-C566-9B3B443D6786}.Release|Any CPU.Build.0 = Release|Any CPU
	EndGlobalSection
	GlobalSection(SolutionProperties) = preSolution
		HideSolutionNode = FALSE
	EndGlobalSection
	GlobalSection(MonoDevelopProperties) = preSolution
		StartupItem = Assembly-CSharp.csproj
	EndGlobalSection
EndGlobal
